
Microsoft Visual Studio Solution File, Format Version 12.00
# Visual Studio Version 17
VisualStudioVersion = 17.8.34408.163
MinimumVisualStudioVersion = 10.0.40219.1
Project("{FAE04EC0-301F-11D3-BF4B-00C04F79EFBC}") = "SAP-Assignment3", "SAP-Assignment3.csproj", "{3510AAC8-9F93-4D80-96AC-D21C0C2C2CDF}"
EndProject
Global
	GlobalSection(SolutionConfigurationPlatforms) = preSolution
		Debug|Any CPU = Debug|Any CPU
		Release|Any CPU = Release|Any CPU
	EndGlobalSection
	GlobalSection(ProjectConfigurationPlatforms) = postSolution
		{3510AAC8-9F93-4D80-96AC-D21C0C2C2CDF}.Debug|Any CPU.ActiveCfg = Debug|Any CPU
		{3510AAC8-9F93-4D80-96AC-D21C0C2C2CDF}.Debug|Any CPU.Build.0 = Debug|Any CPU
		{3510AAC8-9F93-4D80-96AC-D21C0C2C2CDF}.Release|Any CPU.ActiveCfg = Release|Any CPU
		{3510AAC8-9F93-4D80-96AC-D21C0C2C2CDF}.Release|Any CPU.Build.0 = Release|Any CPU
	EndGlobalSection
	GlobalSection(SolutionProperties) = preSolution
		HideSolutionNode = FALSE
	EndGlobalSection
	GlobalSection(ExtensibilityGlobals) = postSolution
		SolutionGuid = {B285F4AC-2F39-4BB5-82F2-212D9E4CEF1A}
	EndGlobalSection
EndGlobal
